
Microsoft Visual Studio Solution File, Format Version 12.00
# Visual Studio 15
VisualStudioVersion = 15.0.28307.645
MinimumVisualStudioVersion = 10.0.40219.1
Project("{159641D6-6404-4A2A-AE62-294DE0FE8301}") = "PSU", "Merge SuperUsers\PSU.dtproj", "{75A041A5-735E-441A-92C1-E319644249AD}"
EndProject
Global
	GlobalSection(SolutionConfigurationPlatforms) = preSolution
		Development|Default = Development|Default
	EndGlobalSection
	GlobalSection(ProjectConfigurationPlatforms) = postSolution
		{75A041A5-735E-441A-92C1-E319644249AD}.Development|Default.ActiveCfg = Development
		{75A041A5-735E-441A-92C1-E319644249AD}.Development|Default.Build.0 = Development
	EndGlobalSection
	GlobalSection(SolutionProperties) = preSolution
		HideSolutionNode = FALSE
	EndGlobalSection
	GlobalSection(ExtensibilityGlobals) = postSolution
		SolutionGuid = {2D9EBA76-EEC2-4658-B4FA-8DABB25B5390}
	EndGlobalSection
EndGlobal
